
Microsoft Visual Studio Solution File, Format Version 12.00
# Visual Studio 15
VisualStudioVersion = 15.0.27130.2036
MinimumVisualStudioVersion = 10.0.40219.1
Project("{9A19103F-16F7-4668-BE54-9A1E7A4F7556}") = "AvansTS.Core", "AvansTS.Core\AvansTS.Core.csproj", "{1483D833-9121-4429-B043-680619FCB94C}"
EndProject
Project("{9A19103F-16F7-4668-BE54-9A1E7A4F7556}") = "AvansTS.Core.Tests", "AvansTS.Core.Tests\AvansTS.Core.Tests.csproj", "{38EEAC1F-F609-46C8-AB1B-562129D85E83}"
EndProject
Project("{FAE04EC0-301F-11D3-BF4B-00C04F79EFBC}") = "AvansTS.Infrastructure", "AvansTs.Infrastructure\AvansTS.Infrastructure.csproj", "{19ACAE3F-EBC1-4F04-9D8B-70DC75EEBCAC}"
EndProject
Project("{FAE04EC0-301F-11D3-BF4B-00C04F79EFBC}") = "AvansTS.Infrastructure.Tests", "AvansTS.Infrastructure.Tests\AvansTS.Infrastructure.Tests.csproj", "{FFC1F7E7-8D69-4A48-8864-668321771B5E}"
EndProject
Global
	GlobalSection(SolutionConfigurationPlatforms) = preSolution
		Debug|Any CPU = Debug|Any CPU
		Release|Any CPU = Release|Any CPU
	EndGlobalSection
	GlobalSection(ProjectConfigurationPlatforms) = postSolution
		{1483D833-9121-4429-B043-680619FCB94C}.Debug|Any CPU.ActiveCfg = Debug|Any CPU
		{1483D833-9121-4429-B043-680619FCB94C}.Debug|Any CPU.Build.0 = Debug|Any CPU
		{1483D833-9121-4429-B043-680619FCB94C}.Release|Any CPU.ActiveCfg = Release|Any CPU
		{1483D833-9121-4429-B043-680619FCB94C}.Release|Any CPU.Build.0 = Release|Any CPU
		{38EEAC1F-F609-46C8-AB1B-562129D85E83}.Debug|Any CPU.ActiveCfg = Debug|Any CPU
		{38EEAC1F-F609-46C8-AB1B-562129D85E83}.Debug|Any CPU.Build.0 = Debug|Any CPU
		{38EEAC1F-F609-46C8-AB1B-562129D85E83}.Release|Any CPU.ActiveCfg = Release|Any CPU
		{38EEAC1F-F609-46C8-AB1B-562129D85E83}.Release|Any CPU.Build.0 = Release|Any CPU
		{19ACAE3F-EBC1-4F04-9D8B-70DC75EEBCAC}.Debug|Any CPU.ActiveCfg = Debug|Any CPU
		{19ACAE3F-EBC1-4F04-9D8B-70DC75EEBCAC}.Debug|Any CPU.Build.0 = Debug|Any CPU
		{19ACAE3F-EBC1-4F04-9D8B-70DC75EEBCAC}.Release|Any CPU.ActiveCfg = Release|Any CPU
		{19ACAE3F-EBC1-4F04-9D8B-70DC75EEBCAC}.Release|Any CPU.Build.0 = Release|Any CPU
		{FFC1F7E7-8D69-4A48-8864-668321771B5E}.Debug|Any CPU.ActiveCfg = Debug|Any CPU
		{FFC1F7E7-8D69-4A48-8864-668321771B5E}.Debug|Any CPU.Build.0 = Debug|Any CPU
		{FFC1F7E7-8D69-4A48-8864-668321771B5E}.Release|Any CPU.ActiveCfg = Release|Any CPU
		{FFC1F7E7-8D69-4A48-8864-668321771B5E}.Release|Any CPU.Build.0 = Release|Any CPU
	EndGlobalSection
	GlobalSection(SolutionProperties) = preSolution
		HideSolutionNode = FALSE
	EndGlobalSection
	GlobalSection(ExtensibilityGlobals) = postSolution
		SolutionGuid = {4B049D22-96F9-4D13-9FAA-3A3027DDDA81}
	EndGlobalSection
EndGlobal
